{
  "version": 4,
  "terraform_version": "1.5.7",
  "serial": 8,
  "lineage": "c6693a74-f95c-95bf-1a49-ffbeaa6cb6e3",
  "outputs": {
    "my-key-pair": {
      "value": {
        "arn": "arn:aws:ec2:us-east-1:958661899676:key-pair/my-key-pair",
        "create_time": "2024-10-11T13:48:33Z",
        "filter": null,
        "fingerprint": "0c:f2:f9:45:cb:3b:26:43:60:0f:85:99:e1:2e:cb:9b:f9:ed:77:e7",
        "id": "key-05b58e4deb5731379",
        "include_public_key": true,
        "key_name": "my-key-pair",
        "key_pair_id": "key-05b58e4deb5731379",
        "key_type": "rsa",
        "public_key": "ssh-rsa AAAAB3NzaC1yc2EAAAADAQABAAABAQCqU9HTfhPGOcWgAtQPNWFRKz2ncFIzrXbUP2/DRKTFJZ2Nb5Ei87nV5GjxDLE3rWKZrxD+FmHqnMiwJ50HpICZhXyu898kI3MysQTQyo3wGwGD/J4jCuRDSj+wiFVIhSBf1li6aOAusndkGfnFjBA8dvAGo2+tQU1WlzVaFhXejx3HV0JwZJkjAwPiZsbtLuSh2irpdXrHpFM8IFnW/WvsFCknZiVsQ0z5B+q7bTrge8Vtzg5v12ZDN6TT086+yu8881Gh7y6Klb8Qtr/Faas1Je2+lMD/crIex4YmjCTTGkG5Zhu4qkHBOcVBeElOMvSKs+83ceSrJtaW8+b057lx my-key-pair\n",
        "tags": {},
        "timeouts": null
      },
      "type": [
        "object",
        {
          "arn": "string",
          "create_time": "string",
          "filter": [
            "set",
            [
              "object",
              {
                "name": "string",
                "values": [
                  "set",
                  "string"
                ]
              }
            ]
          ],
          "fingerprint": "string",
          "id": "string",
          "include_public_key": "bool",
          "key_name": "string",
          "key_pair_id": "string",
          "key_type": "string",
          "public_key": "string",
          "tags": [
            "map",
            "string"
          ],
          "timeouts": [
            "object",
            {
              "read": "string"
            }
          ]
        }
      ]
    }
  },
  "resources": [
    {
      "mode": "data",
      "type": "aws_key_pair",
      "name": "my-key-pair",
      "provider": "provider[\"registry.terraform.io/hashicorp/aws\"]",
      "instances": [
        {
          "schema_version": 0,
          "attributes": {
            "arn": "arn:aws:ec2:us-east-1:958661899676:key-pair/my-key-pair",
            "create_time": "2024-10-11T13:48:33Z",
            "filter": null,
            "fingerprint": "0c:f2:f9:45:cb:3b:26:43:60:0f:85:99:e1:2e:cb:9b:f9:ed:77:e7",
            "id": "key-05b58e4deb5731379",
            "include_public_key": true,
            "key_name": "my-key-pair",
            "key_pair_id": "key-05b58e4deb5731379",
            "key_type": "rsa",
            "public_key": "ssh-rsa AAAAB3NzaC1yc2EAAAADAQABAAABAQCqU9HTfhPGOcWgAtQPNWFRKz2ncFIzrXbUP2/DRKTFJZ2Nb5Ei87nV5GjxDLE3rWKZrxD+FmHqnMiwJ50HpICZhXyu898kI3MysQTQyo3wGwGD/J4jCuRDSj+wiFVIhSBf1li6aOAusndkGfnFjBA8dvAGo2+tQU1WlzVaFhXejx3HV0JwZJkjAwPiZsbtLuSh2irpdXrHpFM8IFnW/WvsFCknZiVsQ0z5B+q7bTrge8Vtzg5v12ZDN6TT086+yu8881Gh7y6Klb8Qtr/Faas1Je2+lMD/crIex4YmjCTTGkG5Zhu4qkHBOcVBeElOMvSKs+83ceSrJtaW8+b057lx my-key-pair\n",
            "tags": {},
            "timeouts": null
          },
          "sensitive_attributes": []
        }
      ]
    },
    {
      "mode": "data",
      "type": "aws_vpc",
      "name": "default",
      "provider": "provider[\"registry.terraform.io/hashicorp/aws\"]",
      "instances": [
        {
          "schema_version": 0,
          "attributes": {
            "arn": "arn:aws:ec2:us-east-1:958661899676:vpc/vpc-0ef06331857db7a81",
            "cidr_block": "172.31.0.0/16",
            "cidr_block_associations": [
              {
                "association_id": "vpc-cidr-assoc-065c7046da2a21bff",
                "cidr_block": "172.31.0.0/16",
                "state": "associated"
              }
            ],
            "default": true,
            "dhcp_options_id": "dopt-84beeeff",
            "enable_dns_hostnames": true,
            "enable_dns_support": true,
            "enable_network_address_usage_metrics": false,
            "filter": null,
            "id": "vpc-0ef06331857db7a81",
            "instance_tenancy": "default",
            "ipv6_association_id": "",
            "ipv6_cidr_block": "",
            "main_route_table_id": "rtb-0776dd7808458fc85",
            "owner_id": "958661899676",
            "state": null,
            "tags": {
              "Name": "DEFAULT VPC"
            },
            "timeouts": null
          },
          "sensitive_attributes": []
        }
      ]
    },
    {
      "mode": "managed",
      "type": "ansible_host",
      "name": "jenkins-server",
      "provider": "provider[\"registry.terraform.io/ansible/ansible\"]",
      "instances": [
        {
          "schema_version": 0,
          "attributes": {
            "groups": [
              "devops_tools"
            ],
            "id": "jenkins-server",
            "name": "jenkins-server",
            "variables": {
              "ansible_host": "54.167.55.168",
              "ansible_user": "ec2-user",
              "hostname": "jenkins-server",
              "packages": "[\"nginx\"]"
            }
          },
          "sensitive_attributes": [],
          "private": "bnVsbA==",
          "dependencies": [
            "aws_instance.jenkins-server",
            "aws_key_pair.default",
            "aws_security_group.sg1",
            "data.aws_vpc.default"
          ]
        }
      ]
    },
    {
      "mode": "managed",
      "type": "aws_instance",
      "name": "jenkins-server",
      "provider": "provider[\"registry.terraform.io/hashicorp/aws\"]",
      "instances": [
        {
          "schema_version": 1,
          "attributes": {
            "ami": "ami-06b21ccaeff8cd686",
            "arn": "arn:aws:ec2:us-east-1:958661899676:instance/i-052bec98eb8a4142f",
            "associate_public_ip_address": true,
            "availability_zone": "us-east-1d",
            "capacity_reservation_specification": [
              {
                "capacity_reservation_preference": "open",
                "capacity_reservation_target": []
              }
            ],
            "cpu_core_count": 1,
            "cpu_options": [
              {
                "amd_sev_snp": "",
                "core_count": 1,
                "threads_per_core": 1
              }
            ],
            "cpu_threads_per_core": 1,
            "credit_specification": [
              {
                "cpu_credits": "standard"
              }
            ],
            "disable_api_stop": false,
            "disable_api_termination": false,
            "ebs_block_device": [],
            "ebs_optimized": false,
            "enclave_options": [
              {
                "enabled": false
              }
            ],
            "ephemeral_block_device": [],
            "get_password_data": false,
            "hibernation": false,
            "host_id": "",
            "host_resource_group_arn": null,
            "iam_instance_profile": "",
            "id": "i-052bec98eb8a4142f",
            "instance_initiated_shutdown_behavior": "stop",
            "instance_lifecycle": "",
            "instance_market_options": [],
            "instance_state": "running",
            "instance_type": "t2.small",
            "ipv6_address_count": 0,
            "ipv6_addresses": [],
            "key_name": "my-key",
            "launch_template": [],
            "maintenance_options": [
              {
                "auto_recovery": "default"
              }
            ],
            "metadata_options": [
              {
                "http_endpoint": "enabled",
                "http_protocol_ipv6": "disabled",
                "http_put_response_hop_limit": 2,
                "http_tokens": "required",
                "instance_metadata_tags": "disabled"
              }
            ],
            "monitoring": false,
            "network_interface": [],
            "outpost_arn": "",
            "password_data": "",
            "placement_group": "",
            "placement_partition_number": 0,
            "primary_network_interface_id": "eni-0dd4b4fe232598de8",
            "private_dns": "ip-172-31-31-54.ec2.internal",
            "private_dns_name_options": [
              {
                "enable_resource_name_dns_a_record": false,
                "enable_resource_name_dns_aaaa_record": false,
                "hostname_type": "ip-name"
              }
            ],
            "private_ip": "172.31.31.54",
            "public_dns": "ec2-54-167-55-168.compute-1.amazonaws.com",
            "public_ip": "54.167.55.168",
            "root_block_device": [
              {
                "delete_on_termination": true,
                "device_name": "/dev/xvda",
                "encrypted": false,
                "iops": 3000,
                "kms_key_id": "",
                "tags": {},
                "tags_all": {},
                "throughput": 125,
                "volume_id": "vol-018b37803bd95f139",
                "volume_size": 8,
                "volume_type": "gp3"
              }
            ],
            "secondary_private_ips": [],
            "security_groups": [
              "sg1"
            ],
            "source_dest_check": true,
            "spot_instance_request_id": "",
            "subnet_id": "subnet-04baf0657a8096033",
            "tags": {
              "Name": "jenkins-server"
            },
            "tags_all": {
              "Name": "jenkins-server"
            },
            "tenancy": "default",
            "timeouts": null,
            "user_data": null,
            "user_data_base64": null,
            "user_data_replace_on_change": false,
            "volume_tags": null,
            "vpc_security_group_ids": [
              "sg-0a92f0d9877db44ac"
            ]
          },
          "sensitive_attributes": [],
          "private": "eyJlMmJmYjczMC1lY2FhLTExZTYtOGY4OC0zNDM2M2JjN2M0YzAiOnsiY3JlYXRlIjo2MDAwMDAwMDAwMDAsImRlbGV0ZSI6MTIwMDAwMDAwMDAwMCwicmVhZCI6OTAwMDAwMDAwMDAwLCJ1cGRhdGUiOjYwMDAwMDAwMDAwMH0sInNjaGVtYV92ZXJzaW9uIjoiMSJ9",
          "dependencies": [
            "aws_key_pair.default",
            "aws_security_group.sg1",
            "data.aws_vpc.default"
          ]
        }
      ]
    },
    {
      "mode": "managed",
      "type": "aws_key_pair",
      "name": "default",
      "provider": "provider[\"registry.terraform.io/hashicorp/aws\"]",
      "instances": [
        {
          "schema_version": 1,
          "attributes": {
            "arn": "arn:aws:ec2:us-east-1:958661899676:key-pair/my-key",
            "fingerprint": "b0:45:05:d0:5a:59:02:cb:41:44:41:ac:cf:a7:e1:09",
            "id": "my-key",
            "key_name": "my-key",
            "key_name_prefix": "",
            "key_pair_id": "key-0a5bb414e05b29d11",
            "key_type": "rsa",
            "public_key": "ssh-rsa AAAAB3NzaC1yc2EAAAADAQABAAABgQDG7Wjgh86+zBL2r6N8TY5nRpkPWgCGjanxFAvoElL52iay3yqFP+ib9dPD9a/0ChBKpNVlBRJiHEB85LocVoizJzQr7+55A+DEYppxMvoE9aKH+ZneGEnZFlqx5Vcw9dXmBFGOHuaPX2XDFKrngHAy3X0Q9ti5xJLmUrnONF9IxA7YG7bC8SyCbByhwwV/Tk/FavcL0Rmmtv5kD57Z204vXqU6NjQ5xGiUOuoBpfDYt6cX9jcYPtEXOxHFOOl7l8QYc06Gqnj70XYUYjcLJ0U0F5MDlIat/EWmclhQZAOQH1lQlL3Z9agS+nFB/9hnSxx2hwGg3uzePShZ5xpLSG2O/mzaB+P8XebD8LZnNVmQ3G/gXAYRBxsivlamhntz46Nv+U+YcXzOoaZKZT1iXkkjZTfj3Bpe12vj4QI2QuKyIQQzBreKdVhtWgc4X4DcZ6ugn0TM8K/MKXOcUCZX/+bDkrjAM4sY2+hQiHOZLAHc/vWSA+6Tj3ggzabLNlCvohs= luiz_celeghin@EPAM-NW6J4J7C72",
            "tags": null,
            "tags_all": {}
          },
          "sensitive_attributes": [],
          "private": "eyJzY2hlbWFfdmVyc2lvbiI6IjEifQ=="
        }
      ]
    },
    {
      "mode": "managed",
      "type": "aws_security_group",
      "name": "sg1",
      "provider": "provider[\"registry.terraform.io/hashicorp/aws\"]",
      "instances": [
        {
          "schema_version": 1,
          "attributes": {
            "arn": "arn:aws:ec2:us-east-1:958661899676:security-group/sg-0a92f0d9877db44ac",
            "description": "Managed by Terraform",
            "egress": [],
            "id": "sg-0a92f0d9877db44ac",
            "ingress": [],
            "name": "sg1",
            "name_prefix": "",
            "owner_id": "958661899676",
            "revoke_rules_on_delete": false,
            "tags": null,
            "tags_all": {},
            "timeouts": null,
            "vpc_id": "vpc-0ef06331857db7a81"
          },
          "sensitive_attributes": [],
          "private": "eyJlMmJmYjczMC1lY2FhLTExZTYtOGY4OC0zNDM2M2JjN2M0YzAiOnsiY3JlYXRlIjo2MDAwMDAwMDAwMDAsImRlbGV0ZSI6OTAwMDAwMDAwMDAwfSwic2NoZW1hX3ZlcnNpb24iOiIxIn0=",
          "dependencies": [
            "data.aws_vpc.default"
          ]
        }
      ]
    },
    {
      "mode": "managed",
      "type": "aws_vpc_security_group_egress_rule",
      "name": "allow_all_egress",
      "provider": "provider[\"registry.terraform.io/hashicorp/aws\"]",
      "instances": [
        {
          "schema_version": 0,
          "attributes": {
            "arn": "arn:aws:ec2:us-east-1:958661899676:security-group-rule/sgr-0c1b3e2e14bab21ee",
            "cidr_ipv4": "0.0.0.0/0",
            "cidr_ipv6": null,
            "description": null,
            "from_port": null,
            "id": "sgr-0c1b3e2e14bab21ee",
            "ip_protocol": "-1",
            "prefix_list_id": null,
            "referenced_security_group_id": null,
            "security_group_id": "sg-0a92f0d9877db44ac",
            "security_group_rule_id": "sgr-0c1b3e2e14bab21ee",
            "tags": null,
            "tags_all": {},
            "to_port": null
          },
          "sensitive_attributes": [],
          "dependencies": [
            "aws_security_group.sg1",
            "data.aws_vpc.default"
          ]
        }
      ]
    },
    {
      "mode": "managed",
      "type": "aws_vpc_security_group_ingress_rule",
      "name": "allow_jenkins",
      "provider": "provider[\"registry.terraform.io/hashicorp/aws\"]",
      "instances": [
        {
          "schema_version": 0,
          "attributes": {
            "arn": "arn:aws:ec2:us-east-1:958661899676:security-group-rule/sgr-0e2fca16fe8158131",
            "cidr_ipv4": "0.0.0.0/0",
            "cidr_ipv6": null,
            "description": null,
            "from_port": 8080,
            "id": "sgr-0e2fca16fe8158131",
            "ip_protocol": "tcp",
            "prefix_list_id": null,
            "referenced_security_group_id": null,
            "security_group_id": "sg-0a92f0d9877db44ac",
            "security_group_rule_id": "sgr-0e2fca16fe8158131",
            "tags": null,
            "tags_all": {},
            "to_port": 8080
          },
          "sensitive_attributes": [],
          "dependencies": [
            "aws_security_group.sg1",
            "data.aws_vpc.default"
          ]
        }
      ]
    },
    {
      "mode": "managed",
      "type": "aws_vpc_security_group_ingress_rule",
      "name": "allow_ssh",
      "provider": "provider[\"registry.terraform.io/hashicorp/aws\"]",
      "instances": [
        {
          "schema_version": 0,
          "attributes": {
            "arn": "arn:aws:ec2:us-east-1:958661899676:security-group-rule/sgr-0c885473b3470178d",
            "cidr_ipv4": "0.0.0.0/0",
            "cidr_ipv6": null,
            "description": null,
            "from_port": 22,
            "id": "sgr-0c885473b3470178d",
            "ip_protocol": "tcp",
            "prefix_list_id": null,
            "referenced_security_group_id": null,
            "security_group_id": "sg-0a92f0d9877db44ac",
            "security_group_rule_id": "sgr-0c885473b3470178d",
            "tags": null,
            "tags_all": {},
            "to_port": 22
          },
          "sensitive_attributes": [],
          "dependencies": [
            "aws_security_group.sg1",
            "data.aws_vpc.default"
          ]
        }
      ]
    }
  ],
  "check_results": null
}
